
Microsoft Visual Studio Solution File, Format Version 12.00
# Visual Studio Version 17
VisualStudioVersion = 17.11.35312.102
MinimumVisualStudioVersion = 10.0.40219.1
Project("{9A19103F-16F7-4668-BE54-9A1E7A4F7556}") = "BECapstoneIronAssist", "BECapstoneIronAssist\BECapstoneIronAssist.csproj", "{E41B9182-D593-4F73-9734-F776434C2F48}"
EndProject
Project("{9A19103F-16F7-4668-BE54-9A1E7A4F7556}") = "IronAssist.Test", "IronAssist.Test\IronAssist.Test.csproj", "{4BB28A1F-8153-42DF-A6CB-02DC6C5A25D4}"
EndProject
Global
	GlobalSection(SolutionConfigurationPlatforms) = preSolution
		Debug|Any CPU = Debug|Any CPU
		Release|Any CPU = Release|Any CPU
	EndGlobalSection
	GlobalSection(ProjectConfigurationPlatforms) = postSolution
		{E41B9182-D593-4F73-9734-F776434C2F48}.Debug|Any CPU.ActiveCfg = Debug|Any CPU
		{E41B9182-D593-4F73-9734-F776434C2F48}.Debug|Any CPU.Build.0 = Debug|Any CPU
		{E41B9182-D593-4F73-9734-F776434C2F48}.Release|Any CPU.ActiveCfg = Release|Any CPU
		{E41B9182-D593-4F73-9734-F776434C2F48}.Release|Any CPU.Build.0 = Release|Any CPU
		{4BB28A1F-8153-42DF-A6CB-02DC6C5A25D4}.Debug|Any CPU.ActiveCfg = Debug|Any CPU
		{4BB28A1F-8153-42DF-A6CB-02DC6C5A25D4}.Debug|Any CPU.Build.0 = Debug|Any CPU
		{4BB28A1F-8153-42DF-A6CB-02DC6C5A25D4}.Release|Any CPU.ActiveCfg = Release|Any CPU
		{4BB28A1F-8153-42DF-A6CB-02DC6C5A25D4}.Release|Any CPU.Build.0 = Release|Any CPU
	EndGlobalSection
	GlobalSection(SolutionProperties) = preSolution
		HideSolutionNode = FALSE
	EndGlobalSection
	GlobalSection(ExtensibilityGlobals) = postSolution
		SolutionGuid = {26D87D63-1CD6-45A9-BEEA-21EFA78CFC35}
	EndGlobalSection
EndGlobal
