
Microsoft Visual Studio Solution File, Format Version 12.00
# Visual Studio Version 17
VisualStudioVersion = 17.11.35312.102
MinimumVisualStudioVersion = 10.0.40219.1
Project("{9A19103F-16F7-4668-BE54-9A1E7A4F7556}") = "BECapstoneIronAssist", "BECapstoneIronAssist.csproj", "{27C2E813-C5C7-44D0-A754-61CB63D1CA56}"
EndProject
Global
	GlobalSection(SolutionConfigurationPlatforms) = preSolution
		Debug|Any CPU = Debug|Any CPU
		Release|Any CPU = Release|Any CPU
	EndGlobalSection
	GlobalSection(ProjectConfigurationPlatforms) = postSolution
		{27C2E813-C5C7-44D0-A754-61CB63D1CA56}.Debug|Any CPU.ActiveCfg = Debug|Any CPU
		{27C2E813-C5C7-44D0-A754-61CB63D1CA56}.Debug|Any CPU.Build.0 = Debug|Any CPU
		{27C2E813-C5C7-44D0-A754-61CB63D1CA56}.Release|Any CPU.ActiveCfg = Release|Any CPU
		{27C2E813-C5C7-44D0-A754-61CB63D1CA56}.Release|Any CPU.Build.0 = Release|Any CPU
	EndGlobalSection
	GlobalSection(SolutionProperties) = preSolution
		HideSolutionNode = FALSE
	EndGlobalSection
	GlobalSection(ExtensibilityGlobals) = postSolution
		SolutionGuid = {85EC8F3B-5447-49AC-A5F7-D360C9593670}
	EndGlobalSection
EndGlobal
